
Microsoft Visual Studio Solution File, Format Version 12.00
# Visual Studio Version 16
VisualStudioVersion = 16.0.30611.23
MinimumVisualStudioVersion = 10.0.40219.1
Project("{FAE04EC0-301F-11D3-BF4B-00C04F79EFBC}") = "Productivity Reporter", "Productivity Reporter\Productivity Reporter.csproj", "{19FCA27E-9502-4E0D-AD48-F7C8CE176104}"
EndProject
Global
	GlobalSection(SolutionConfigurationPlatforms) = preSolution
		Debug|Any CPU = Debug|Any CPU
		Release|Any CPU = Release|Any CPU
	EndGlobalSection
	GlobalSection(ProjectConfigurationPlatforms) = postSolution
		{19FCA27E-9502-4E0D-AD48-F7C8CE176104}.Debug|Any CPU.ActiveCfg = Debug|Any CPU
		{19FCA27E-9502-4E0D-AD48-F7C8CE176104}.Debug|Any CPU.Build.0 = Debug|Any CPU
		{19FCA27E-9502-4E0D-AD48-F7C8CE176104}.Release|Any CPU.ActiveCfg = Release|Any CPU
		{19FCA27E-9502-4E0D-AD48-F7C8CE176104}.Release|Any CPU.Build.0 = Release|Any CPU
	EndGlobalSection
	GlobalSection(SolutionProperties) = preSolution
		HideSolutionNode = FALSE
	EndGlobalSection
	GlobalSection(ExtensibilityGlobals) = postSolution
		SolutionGuid = {F49579C2-CFF5-41CF-981E-5BBACF4777E2}
	EndGlobalSection
EndGlobal
